
Microsoft Visual Studio Solution File, Format Version 12.00
# Visual Studio 14
VisualStudioVersion = 14.0.23107.0
MinimumVisualStudioVersion = 10.0.40219.1
Project("{FAE04EC0-301F-11D3-BF4B-00C04F79EFBC}") = "AdClicky", "AdflyClicky\AdClicky.csproj", "{FD8CB2A5-EF7F-4752-9C59-B1CC55171610}"
EndProject
Global
	GlobalSection(SolutionConfigurationPlatforms) = preSolution
		Debug|Any CPU = Debug|Any CPU
		Release|Any CPU = Release|Any CPU
	EndGlobalSection
	GlobalSection(ProjectConfigurationPlatforms) = postSolution
		{FD8CB2A5-EF7F-4752-9C59-B1CC55171610}.Debug|Any CPU.ActiveCfg = Debug|Any CPU
		{FD8CB2A5-EF7F-4752-9C59-B1CC55171610}.Debug|Any CPU.Build.0 = Debug|Any CPU
		{FD8CB2A5-EF7F-4752-9C59-B1CC55171610}.Release|Any CPU.ActiveCfg = Release|Any CPU
		{FD8CB2A5-EF7F-4752-9C59-B1CC55171610}.Release|Any CPU.Build.0 = Release|Any CPU
	EndGlobalSection
	GlobalSection(SolutionProperties) = preSolution
		HideSolutionNode = FALSE
	EndGlobalSection
EndGlobal
